
Microsoft Visual Studio Solution File, Format Version 12.00
# Visual Studio Version 17
VisualStudioVersion = 17.14.36414.22 d17.14
MinimumVisualStudioVersion = 10.0.40219.1
Project("{FAE04EC0-301F-11D3-BF4B-00C04F79EFBC}") = "VLT", "VLT\VLT.csproj", "{8A9B80AD-68DA-4BB2-97A1-7E736FA9BF02}"
EndProject
Global
	GlobalSection(SolutionConfigurationPlatforms) = preSolution
		Debug|Any CPU = Debug|Any CPU
		Release|Any CPU = Release|Any CPU
	EndGlobalSection
	GlobalSection(ProjectConfigurationPlatforms) = postSolution
		{8A9B80AD-68DA-4BB2-97A1-7E736FA9BF02}.Debug|Any CPU.ActiveCfg = Debug|Any CPU
		{8A9B80AD-68DA-4BB2-97A1-7E736FA9BF02}.Debug|Any CPU.Build.0 = Debug|Any CPU
		{8A9B80AD-68DA-4BB2-97A1-7E736FA9BF02}.Release|Any CPU.ActiveCfg = Release|Any CPU
		{8A9B80AD-68DA-4BB2-97A1-7E736FA9BF02}.Release|Any CPU.Build.0 = Release|Any CPU
	EndGlobalSection
	GlobalSection(SolutionProperties) = preSolution
		HideSolutionNode = FALSE
	EndGlobalSection
	GlobalSection(ExtensibilityGlobals) = postSolution
		SolutionGuid = {47234759-D7DD-46D5-845E-BC2D77739A1D}
	EndGlobalSection
EndGlobal
